// !$*UTF8*$!
{
	archiveVersion = 1;
	classes = {
	};
	objectVersion = 56;
	objects = {

/* Begin PBXBuildFile section */
		B07A7DFC291664DE001B559E /* OrderConfirmationViewController.swift in Sources */ = {isa = PBXBuildFile; fileRef = B07A7DFB291664DE001B559E /* OrderConfirmationViewController.swift */; };
		B07A7DFE291666EB001B559E /* OrderTableViewControllerDelegate.swift in Sources */ = {isa = PBXBuildFile; fileRef = B07A7DFD291666EB001B559E /* OrderTableViewControllerDelegate.swift */; };
		B0E66939291525C700E889F2 /* AppDelegate.swift in Sources */ = {isa = PBXBuildFile; fileRef = B0E66938291525C700E889F2 /* AppDelegate.swift */; };
		B0E6693B291525C700E889F2 /* SceneDelegate.swift in Sources */ = {isa = PBXBuildFile; fileRef = B0E6693A291525C700E889F2 /* SceneDelegate.swift */; };
		B0E66940291525C700E889F2 /* Main.storyboard in Resources */ = {isa = PBXBuildFile; fileRef = B0E6693E291525C700E889F2 /* Main.storyboard */; };
		B0E66942291525C800E889F2 /* Assets.xcassets in Resources */ = {isa = PBXBuildFile; fileRef = B0E66941291525C800E889F2 /* Assets.xcassets */; };
		B0E66945291525C800E889F2 /* LaunchScreen.storyboard in Resources */ = {isa = PBXBuildFile; fileRef = B0E66943291525C800E889F2 /* LaunchScreen.storyboard */; };
		B0E6695029152A1500E889F2 /* CategoryTableViewController.swift in Sources */ = {isa = PBXBuildFile; fileRef = B0E6694F29152A1500E889F2 /* CategoryTableViewController.swift */; };
		B0E6695229152A3400E889F2 /* MenuTableViewController.swift in Sources */ = {isa = PBXBuildFile; fileRef = B0E6695129152A3400E889F2 /* MenuTableViewController.swift */; };
		B0E6695429152A4800E889F2 /* OrderTableViewController.swift in Sources */ = {isa = PBXBuildFile; fileRef = B0E6695329152A4800E889F2 /* OrderTableViewController.swift */; };
		B0E6695629152BBA00E889F2 /* MenuItemDetailViewController.swift in Sources */ = {isa = PBXBuildFile; fileRef = B0E6695529152BBA00E889F2 /* MenuItemDetailViewController.swift */; };
		B0E6695929152C3F00E889F2 /* MenuItem.swift in Sources */ = {isa = PBXBuildFile; fileRef = B0E6695829152C3F00E889F2 /* MenuItem.swift */; };
		B0E6695B29152FDC00E889F2 /* ResponseModels.swift in Sources */ = {isa = PBXBuildFile; fileRef = B0E6695A29152FDC00E889F2 /* ResponseModels.swift */; };
		B0E6695D2915302900E889F2 /* CategoriesResponse.swift in Sources */ = {isa = PBXBuildFile; fileRef = B0E6695C2915302900E889F2 /* CategoriesResponse.swift */; };
		B0E6695F291530E900E889F2 /* Order.swift in Sources */ = {isa = PBXBuildFile; fileRef = B0E6695E291530E900E889F2 /* Order.swift */; };
		B0E66961291531E000E889F2 /* MenuController.swift in Sources */ = {isa = PBXBuildFile; fileRef = B0E66960291531E000E889F2 /* MenuController.swift */; };
		B0E669662915464700E889F2 /* UITableView+Generic.swift in Sources */ = {isa = PBXBuildFile; fileRef = B0E669652915464700E889F2 /* UITableView+Generic.swift */; };
		B0E6696929154A2800E889F2 /* CategoryTableViewControllerDelegate.swift in Sources */ = {isa = PBXBuildFile; fileRef = B0E6696829154A2800E889F2 /* CategoryTableViewControllerDelegate.swift */; };
		B0E6696B29155BB200E889F2 /* MenuTableViewControllerDelegate.swift in Sources */ = {isa = PBXBuildFile; fileRef = B0E6696A29155BB200E889F2 /* MenuTableViewControllerDelegate.swift */; };
/* End PBXBuildFile section */

/* Begin PBXFileReference section */
		B07A7DFB291664DE001B559E /* OrderConfirmationViewController.swift */ = {isa = PBXFileReference; lastKnownFileType = sourcecode.swift; path = OrderConfirmationViewController.swift; sourceTree = "<group>"; };
		B07A7DFD291666EB001B559E /* OrderTableViewControllerDelegate.swift */ = {isa = PBXFileReference; lastKnownFileType = sourcecode.swift; path = OrderTableViewControllerDelegate.swift; sourceTree = "<group>"; };
		B0E66935291525C700E889F2 /* OrderApp.app */ = {isa = PBXFileReference; explicitFileType = wrapper.application; includeInIndex = 0; path = OrderApp.app; sourceTree = BUILT_PRODUCTS_DIR; };
		B0E66938291525C700E889F2 /* AppDelegate.swift */ = {isa = PBXFileReference; lastKnownFileType = sourcecode.swift; path = AppDelegate.swift; sourceTree = "<group>"; };
		B0E6693A291525C700E889F2 /* SceneDelegate.swift */ = {isa = PBXFileReference; lastKnownFileType = sourcecode.swift; path = SceneDelegate.swift; sourceTree = "<group>"; };
		B0E6693F291525C700E889F2 /* Base */ = {isa = PBXFileReference; lastKnownFileType = file.storyboard; name = Base; path = Base.lproj/Main.storyboard; sourceTree = "<group>"; };
		B0E66941291525C800E889F2 /* Assets.xcassets */ = {isa = PBXFileReference; lastKnownFileType = folder.assetcatalog; path = Assets.xcassets; sourceTree = "<group>"; };
		B0E66944291525C800E889F2 /* Base */ = {isa = PBXFileReference; lastKnownFileType = file.storyboard; name = Base; path = Base.lproj/LaunchScreen.storyboard; sourceTree = "<group>"; };
		B0E66946291525C800E889F2 /* Info.plist */ = {isa = PBXFileReference; lastKnownFileType = text.plist.xml; path = Info.plist; sourceTree = "<group>"; };
		B0E6694F29152A1500E889F2 /* CategoryTableViewController.swift */ = {isa = PBXFileReference; lastKnownFileType = sourcecode.swift; path = CategoryTableViewController.swift; sourceTree = "<group>"; };
		B0E6695129152A3400E889F2 /* MenuTableViewController.swift */ = {isa = PBXFileReference; lastKnownFileType = sourcecode.swift; path = MenuTableViewController.swift; sourceTree = "<group>"; };
		B0E6695329152A4800E889F2 /* OrderTableViewController.swift */ = {isa = PBXFileReference; lastKnownFileType = sourcecode.swift; path = OrderTableViewController.swift; sourceTree = "<group>"; };
		B0E6695529152BBA00E889F2 /* MenuItemDetailViewController.swift */ = {isa = PBXFileReference; lastKnownFileType = sourcecode.swift; path = MenuItemDetailViewController.swift; sourceTree = "<group>"; };
		B0E6695829152C3F00E889F2 /* MenuItem.swift */ = {isa = PBXFileReference; lastKnownFileType = sourcecode.swift; path = MenuItem.swift; sourceTree = "<group>"; };
		B0E6695A29152FDC00E889F2 /* ResponseModels.swift */ = {isa = PBXFileReference; lastKnownFileType = sourcecode.swift; path = ResponseModels.swift; sourceTree = "<group>"; };
		B0E6695C2915302900E889F2 /* CategoriesResponse.swift */ = {isa = PBXFileReference; lastKnownFileType = sourcecode.swift; path = CategoriesResponse.swift; sourceTree = "<group>"; };
		B0E6695E291530E900E889F2 /* Order.swift */ = {isa = PBXFileReference; lastKnownFileType = sourcecode.swift; path = Order.swift; sourceTree = "<group>"; };
		B0E66960291531E000E889F2 /* MenuController.swift */ = {isa = PBXFileReference; lastKnownFileType = sourcecode.swift; path = MenuController.swift; sourceTree = "<group>"; };
		B0E669652915464700E889F2 /* UITableView+Generic.swift */ = {isa = PBXFileReference; lastKnownFileType = sourcecode.swift; path = "UITableView+Generic.swift"; sourceTree = "<group>"; };
		B0E6696829154A2800E889F2 /* CategoryTableViewControllerDelegate.swift */ = {isa = PBXFileReference; lastKnownFileType = sourcecode.swift; path = CategoryTableViewControllerDelegate.swift; sourceTree = "<group>"; };
		B0E6696A29155BB200E889F2 /* MenuTableViewControllerDelegate.swift */ = {isa = PBXFileReference; lastKnownFileType = sourcecode.swift; path = MenuTableViewControllerDelegate.swift; sourceTree = "<group>"; };
/* End PBXFileReference section */

/* Begin PBXFrameworksBuildPhase section */
		B0E66932291525C700E889F2 /* Frameworks */ = {
			isa = PBXFrameworksBuildPhase;
			buildActionMask = 2147483647;
			files = (
			);
			runOnlyForDeploymentPostprocessing = 0;
		};
/* End PBXFrameworksBuildPhase section */

/* Begin PBXGroup section */
		B0E6692C291525C700E889F2 = {
			isa = PBXGroup;
			children = (
				B0E66937291525C700E889F2 /* OrderApp */,
				B0E66936291525C700E889F2 /* Products */,
			);
			sourceTree = "<group>";
		};
		B0E66936291525C700E889F2 /* Products */ = {
			isa = PBXGroup;
			children = (
				B0E66935291525C700E889F2 /* OrderApp.app */,
			);
			name = Products;
			sourceTree = "<group>";
		};
		B0E66937291525C700E889F2 /* OrderApp */ = {
			isa = PBXGroup;
			children = (
				B0E6696729154A1500E889F2 /* Protocols */,
				B0E669622915325600E889F2 /* Extensions */,
				B0E6695729152C2100E889F2 /* Models */,
				B0E6694E291526DB00E889F2 /* ViewControllers */,
				B0E6694C291526C200E889F2 /* Resources */,
				B0E6694D291526CE00E889F2 /* Storyboard */,
				B0E66946291525C800E889F2 /* Info.plist */,
			);
			path = OrderApp;
			sourceTree = "<group>";
		};
		B0E6694C291526C200E889F2 /* Resources */ = {
			isa = PBXGroup;
			children = (
				B0E66938291525C700E889F2 /* AppDelegate.swift */,
				B0E6693A291525C700E889F2 /* SceneDelegate.swift */,
				B0E66941291525C800E889F2 /* Assets.xcassets */,
			);
			path = Resources;
			sourceTree = "<group>";
		};
		B0E6694D291526CE00E889F2 /* Storyboard */ = {
			isa = PBXGroup;
			children = (
				B0E6693E291525C700E889F2 /* Main.storyboard */,
				B0E66943291525C800E889F2 /* LaunchScreen.storyboard */,
			);
			path = Storyboard;
			sourceTree = "<group>";
		};
		B0E6694E291526DB00E889F2 /* ViewControllers */ = {
			isa = PBXGroup;
			children = (
				B0E6694F29152A1500E889F2 /* CategoryTableViewController.swift */,
				B0E6695129152A3400E889F2 /* MenuTableViewController.swift */,
				B0E6695329152A4800E889F2 /* OrderTableViewController.swift */,
				B0E6695529152BBA00E889F2 /* MenuItemDetailViewController.swift */,
				B0E66960291531E000E889F2 /* MenuController.swift */,
				B07A7DFB291664DE001B559E /* OrderConfirmationViewController.swift */,
			);
			path = ViewControllers;
			sourceTree = "<group>";
		};
		B0E6695729152C2100E889F2 /* Models */ = {
			isa = PBXGroup;
			children = (
				B0E6695829152C3F00E889F2 /* MenuItem.swift */,
				B0E6695A29152FDC00E889F2 /* ResponseModels.swift */,
				B0E6695C2915302900E889F2 /* CategoriesResponse.swift */,
				B0E6695E291530E900E889F2 /* Order.swift */,
			);
			path = Models;
			sourceTree = "<group>";
		};
		B0E669622915325600E889F2 /* Extensions */ = {
			isa = PBXGroup;
			children = (
				B0E669652915464700E889F2 /* UITableView+Generic.swift */,
			);
			path = Extensions;
			sourceTree = "<group>";
		};
		B0E6696729154A1500E889F2 /* Protocols */ = {
			isa = PBXGroup;
			children = (
				B0E6696829154A2800E889F2 /* CategoryTableViewControllerDelegate.swift */,
				B0E6696A29155BB200E889F2 /* MenuTableViewControllerDelegate.swift */,
				B07A7DFD291666EB001B559E /* OrderTableViewControllerDelegate.swift */,
			);
			path = Protocols;
			sourceTree = "<group>";
		};
/* End PBXGroup section */

/* Begin PBXNativeTarget section */
		B0E66934291525C700E889F2 /* OrderApp */ = {
			isa = PBXNativeTarget;
			buildConfigurationList = B0E66949291525C800E889F2 /* Build configuration list for PBXNativeTarget "OrderApp" */;
			buildPhases = (
				B0E66931291525C700E889F2 /* Sources */,
				B0E66932291525C700E889F2 /* Frameworks */,
				B0E66933291525C700E889F2 /* Resources */,
			);
			buildRules = (
			);
			dependencies = (
			);
			name = OrderApp;
			productName = OrderApp;
			productReference = B0E66935291525C700E889F2 /* OrderApp.app */;
			productType = "com.apple.product-type.application";
		};
/* End PBXNativeTarget section */

/* Begin PBXProject section */
		B0E6692D291525C700E889F2 /* Project object */ = {
			isa = PBXProject;
			attributes = {
				BuildIndependentTargetsInParallel = 1;
				LastSwiftUpdateCheck = 1400;
				LastUpgradeCheck = 1400;
				TargetAttributes = {
					B0E66934291525C700E889F2 = {
						CreatedOnToolsVersion = 14.0.1;
					};
				};
			};
			buildConfigurationList = B0E66930291525C700E889F2 /* Build configuration list for PBXProject "OrderApp" */;
			compatibilityVersion = "Xcode 14.0";
			developmentRegion = en;
			hasScannedForEncodings = 0;
			knownRegions = (
				en,
				Base,
			);
			mainGroup = B0E6692C291525C700E889F2;
			productRefGroup = B0E66936291525C700E889F2 /* Products */;
			projectDirPath = "";
			projectRoot = "";
			targets = (
				B0E66934291525C700E889F2 /* OrderApp */,
			);
		};
/* End PBXProject section */

/* Begin PBXResourcesBuildPhase section */
		B0E66933291525C700E889F2 /* Resources */ = {
			isa = PBXResourcesBuildPhase;
			buildActionMask = 2147483647;
			files = (
				B0E66945291525C800E889F2 /* LaunchScreen.storyboard in Resources */,
				B0E66942291525C800E889F2 /* Assets.xcassets in Resources */,
				B0E66940291525C700E889F2 /* Main.storyboard in Resources */,
			);
			runOnlyForDeploymentPostprocessing = 0;
		};
/* End PBXResourcesBuildPhase section */

/* Begin PBXSourcesBuildPhase section */
		B0E66931291525C700E889F2 /* Sources */ = {
			isa = PBXSourcesBuildPhase;
			buildActionMask = 2147483647;
			files = (
				B0E66939291525C700E889F2 /* AppDelegate.swift in Sources */,
				B0E6695D2915302900E889F2 /* CategoriesResponse.swift in Sources */,
				B0E6695229152A3400E889F2 /* MenuTableViewController.swift in Sources */,
				B0E66961291531E000E889F2 /* MenuController.swift in Sources */,
				B0E6695F291530E900E889F2 /* Order.swift in Sources */,
				B07A7DFC291664DE001B559E /* OrderConfirmationViewController.swift in Sources */,
				B0E6695629152BBA00E889F2 /* MenuItemDetailViewController.swift in Sources */,
				B0E6693B291525C700E889F2 /* SceneDelegate.swift in Sources */,
				B0E6696929154A2800E889F2 /* CategoryTableViewControllerDelegate.swift in Sources */,
				B0E6695B29152FDC00E889F2 /* ResponseModels.swift in Sources */,
				B0E6695929152C3F00E889F2 /* MenuItem.swift in Sources */,
				B0E6695429152A4800E889F2 /* OrderTableViewController.swift in Sources */,
				B0E6695029152A1500E889F2 /* CategoryTableViewController.swift in Sources */,
				B0E669662915464700E889F2 /* UITableView+Generic.swift in Sources */,
				B0E6696B29155BB200E889F2 /* MenuTableViewControllerDelegate.swift in Sources */,
				B07A7DFE291666EB001B559E /* OrderTableViewControllerDelegate.swift in Sources */,
			);
			runOnlyForDeploymentPostprocessing = 0;
		};
/* End PBXSourcesBuildPhase section */

/* Begin PBXVariantGroup section */
		B0E6693E291525C700E889F2 /* Main.storyboard */ = {
			isa = PBXVariantGroup;
			children = (
				B0E6693F291525C700E889F2 /* Base */,
			);
			name = Main.storyboard;
			sourceTree = "<group>";
		};
		B0E66943291525C800E889F2 /* LaunchScreen.storyboard */ = {
			isa = PBXVariantGroup;
			children = (
				B0E66944291525C800E889F2 /* Base */,
			);
			name = LaunchScreen.storyboard;
			sourceTree = "<group>";
		};
/* End PBXVariantGroup section */

/* Begin XCBuildConfiguration section */
		B0E66947291525C800E889F2 /* Debug */ = {
			isa = XCBuildConfiguration;
			buildSettings = {
				ALWAYS_SEARCH_USER_PATHS = NO;
				CLANG_ANALYZER_NONNULL = YES;
				CLANG_ANALYZER_NUMBER_OBJECT_CONVERSION = YES_AGGRESSIVE;
				CLANG_CXX_LANGUAGE_STANDARD = "gnu++20";
				CLANG_ENABLE_MODULES = YES;
				CLANG_ENABLE_OBJC_ARC = YES;
				CLANG_ENABLE_OBJC_WEAK = YES;
				CLANG_WARN_BLOCK_CAPTURE_AUTORELEASING = YES;
				CLANG_WARN_BOOL_CONVERSION = YES;
				CLANG_WARN_COMMA = YES;
				CLANG_WARN_CONSTANT_CONVERSION = YES;
				CLANG_WARN_DEPRECATED_OBJC_IMPLEMENTATIONS = YES;
				CLANG_WARN_DIRECT_OBJC_ISA_USAGE = YES_ERROR;
				CLANG_WARN_DOCUMENTATION_COMMENTS = YES;
				CLANG_WARN_EMPTY_BODY = YES;
				CLANG_WARN_ENUM_CONVERSION = YES;
				CLANG_WARN_INFINITE_RECURSION = YES;
				CLANG_WARN_INT_CONVERSION = YES;
				CLANG_WARN_NON_LITERAL_NULL_CONVERSION = YES;
				CLANG_WARN_OBJC_IMPLICIT_RETAIN_SELF = YES;
				CLANG_WARN_OBJC_LITERAL_CONVERSION = YES;
				CLANG_WARN_OBJC_ROOT_CLASS = YES_ERROR;
				CLANG_WARN_QUOTED_INCLUDE_IN_FRAMEWORK_HEADER = YES;
				CLANG_WARN_RANGE_LOOP_ANALYSIS = YES;
				CLANG_WARN_STRICT_PROTOTYPES = YES;
				CLANG_WARN_SUSPICIOUS_MOVE = YES;
				CLANG_WARN_UNGUARDED_AVAILABILITY = YES_AGGRESSIVE;
				CLANG_WARN_UNREACHABLE_CODE = YES;
				CLANG_WARN__DUPLICATE_METHOD_MATCH = YES;
				COPY_PHASE_STRIP = NO;
				DEBUG_INFORMATION_FORMAT = dwarf;
				ENABLE_STRICT_OBJC_MSGSEND = YES;
				ENABLE_TESTABILITY = YES;
				GCC_C_LANGUAGE_STANDARD = gnu11;
				GCC_DYNAMIC_NO_PIC = NO;
				GCC_NO_COMMON_BLOCKS = YES;
				GCC_OPTIMIZATION_LEVEL = 0;
				GCC_PREPROCESSOR_DEFINITIONS = (
					"DEBUG=1",
					"$(inherited)",
				);
				GCC_WARN_64_TO_32_BIT_CONVERSION = YES;
				GCC_WARN_ABOUT_RETURN_TYPE = YES_ERROR;
				GCC_WARN_UNDECLARED_SELECTOR = YES;
				GCC_WARN_UNINITIALIZED_AUTOS = YES_AGGRESSIVE;
				GCC_WARN_UNUSED_FUNCTION = YES;
				GCC_WARN_UNUSED_VARIABLE = YES;
				IPHONEOS_DEPLOYMENT_TARGET = 16.0;
				MTL_ENABLE_DEBUG_INFO = INCLUDE_SOURCE;
				MTL_FAST_MATH = YES;
				ONLY_ACTIVE_ARCH = YES;
				SDKROOT = iphoneos;
				SWIFT_ACTIVE_COMPILATION_CONDITIONS = DEBUG;
				SWIFT_OPTIMIZATION_LEVEL = "-Onone";
			};
			name = Debug;
		};
		B0E66948291525C800E889F2 /* Release */ = {
			isa = XCBuildConfiguration;
			buildSettings = {
				ALWAYS_SEARCH_USER_PATHS = NO;
				CLANG_ANALYZER_NONNULL = YES;
				CLANG_ANALYZER_NUMBER_OBJECT_CONVERSION = YES_AGGRESSIVE;
				CLANG_CXX_LANGUAGE_STANDARD = "gnu++20";
				CLANG_ENABLE_MODULES = YES;
				CLANG_ENABLE_OBJC_ARC = YES;
				CLANG_ENABLE_OBJC_WEAK = YES;
				CLANG_WARN_BLOCK_CAPTURE_AUTORELEASING = YES;
				CLANG_WARN_BOOL_CONVERSION = YES;
				CLANG_WARN_COMMA = YES;
				CLANG_WARN_CONSTANT_CONVERSION = YES;
				CLANG_WARN_DEPRECATED_OBJC_IMPLEMENTATIONS = YES;
				CLANG_WARN_DIRECT_OBJC_ISA_USAGE = YES_ERROR;
				CLANG_WARN_DOCUMENTATION_COMMENTS = YES;
				CLANG_WARN_EMPTY_BODY = YES;
				CLANG_WARN_ENUM_CONVERSION = YES;
				CLANG_WARN_INFINITE_RECURSION = YES;
				CLANG_WARN_INT_CONVERSION = YES;
				CLANG_WARN_NON_LITERAL_NULL_CONVERSION = YES;
				CLANG_WARN_OBJC_IMPLICIT_RETAIN_SELF = YES;
				CLANG_WARN_OBJC_LITERAL_CONVERSION = YES;
				CLANG_WARN_OBJC_ROOT_CLASS = YES_ERROR;
				CLANG_WARN_QUOTED_INCLUDE_IN_FRAMEWORK_HEADER = YES;
				CLANG_WARN_RANGE_LOOP_ANALYSIS = YES;
				CLANG_WARN_STRICT_PROTOTYPES = YES;
				CLANG_WARN_SUSPICIOUS_MOVE = YES;
				CLANG_WARN_UNGUARDED_AVAILABILITY = YES_AGGRESSIVE;
				CLANG_WARN_UNREACHABLE_CODE = YES;
				CLANG_WARN__DUPLICATE_METHOD_MATCH = YES;
				COPY_PHASE_STRIP = NO;
				DEBUG_INFORMATION_FORMAT = "dwarf-with-dsym";
				ENABLE_NS_ASSERTIONS = NO;
				ENABLE_STRICT_OBJC_MSGSEND = YES;
				GCC_C_LANGUAGE_STANDARD = gnu11;
				GCC_NO_COMMON_BLOCKS = YES;
				GCC_WARN_64_TO_32_BIT_CONVERSION = YES;
				GCC_WARN_ABOUT_RETURN_TYPE = YES_ERROR;
				GCC_WARN_UNDECLARED_SELECTOR = YES;
				GCC_WARN_UNINITIALIZED_AUTOS = YES_AGGRESSIVE;
				GCC_WARN_UNUSED_FUNCTION = YES;
				GCC_WARN_UNUSED_VARIABLE = YES;
				IPHONEOS_DEPLOYMENT_TARGET = 16.0;
				MTL_ENABLE_DEBUG_INFO = NO;
				MTL_FAST_MATH = YES;
				SDKROOT = iphoneos;
				SWIFT_COMPILATION_MODE = wholemodule;
				SWIFT_OPTIMIZATION_LEVEL = "-O";
				VALIDATE_PRODUCT = YES;
			};
			name = Release;
		};
		B0E6694A291525C800E889F2 /* Debug */ = {
			isa = XCBuildConfiguration;
			buildSettings = {
				ASSETCATALOG_COMPILER_APPICON_NAME = AppIcon;
				ASSETCATALOG_COMPILER_GLOBAL_ACCENT_COLOR_NAME = AccentColor;
				CODE_SIGN_STYLE = Automatic;
				CURRENT_PROJECT_VERSION = 1;
				DEVELOPMENT_TEAM = ZM8W8KVTW3;
				GENERATE_INFOPLIST_FILE = YES;
				INFOPLIST_FILE = OrderApp/Info.plist;
				INFOPLIST_KEY_UIApplicationSupportsIndirectInputEvents = YES;
				INFOPLIST_KEY_UILaunchStoryboardName = LaunchScreen;
				INFOPLIST_KEY_UIMainStoryboardFile = Main;
				INFOPLIST_KEY_UISupportedInterfaceOrientations_iPad = "UIInterfaceOrientationPortrait UIInterfaceOrientationPortraitUpsideDown UIInterfaceOrientationLandscapeLeft UIInterfaceOrientationLandscapeRight";
				INFOPLIST_KEY_UISupportedInterfaceOrientations_iPhone = "UIInterfaceOrientationPortrait UIInterfaceOrientationLandscapeLeft UIInterfaceOrientationLandscapeRight";
				LD_RUNPATH_SEARCH_PATHS = (
					"$(inherited)",
					"@executable_path/Frameworks",
				);
				MARKETING_VERSION = 1.0;
				PRODUCT_BUNDLE_IDENTIFIER = iosapp.OrderApp;
				PRODUCT_NAME = "$(TARGET_NAME)";
				SWIFT_EMIT_LOC_STRINGS = YES;
				SWIFT_VERSION = 5.0;
				TARGETED_DEVICE_FAMILY = "1,2";
			};
			name = Debug;
		};
		B0E6694B291525C800E889F2 /* Release */ = {
			isa = XCBuildConfiguration;
			buildSettings = {
				ASSETCATALOG_COMPILER_APPICON_NAME = AppIcon;
				ASSETCATALOG_COMPILER_GLOBAL_ACCENT_COLOR_NAME = AccentColor;
				CODE_SIGN_STYLE = Automatic;
				CURRENT_PROJECT_VERSION = 1;
				DEVELOPMENT_TEAM = ZM8W8KVTW3;
				GENERATE_INFOPLIST_FILE = YES;
				INFOPLIST_FILE = OrderApp/Info.plist;
				INFOPLIST_KEY_UIApplicationSupportsIndirectInputEvents = YES;
				INFOPLIST_KEY_UILaunchStoryboardName = LaunchScreen;
				INFOPLIST_KEY_UIMainStoryboardFile = Main;
				INFOPLIST_KEY_UISupportedInterfaceOrientations_iPad = "UIInterfaceOrientationPortrait UIInterfaceOrientationPortraitUpsideDown UIInterfaceOrientationLandscapeLeft UIInterfaceOrientationLandscapeRight";
				INFOPLIST_KEY_UISupportedInterfaceOrientations_iPhone = "UIInterfaceOrientationPortrait UIInterfaceOrientationLandscapeLeft UIInterfaceOrientationLandscapeRight";
				LD_RUNPATH_SEARCH_PATHS = (
					"$(inherited)",
					"@executable_path/Frameworks",
				);
				MARKETING_VERSION = 1.0;
				PRODUCT_BUNDLE_IDENTIFIER = iosapp.OrderApp;
				PRODUCT_NAME = "$(TARGET_NAME)";
				SWIFT_EMIT_LOC_STRINGS = YES;
				SWIFT_VERSION = 5.0;
				TARGETED_DEVICE_FAMILY = "1,2";
			};
			name = Release;
		};
/* End XCBuildConfiguration section */

/* Begin XCConfigurationList section */
		B0E66930291525C700E889F2 /* Build configuration list for PBXProject "OrderApp" */ = {
			isa = XCConfigurationList;
			buildConfigurations = (
				B0E66947291525C800E889F2 /* Debug */,
				B0E66948291525C800E889F2 /* Release */,
			);
			defaultConfigurationIsVisible = 0;
			defaultConfigurationName = Release;
		};
		B0E66949291525C800E889F2 /* Build configuration list for PBXNativeTarget "OrderApp" */ = {
			isa = XCConfigurationList;
			buildConfigurations = (
				B0E6694A291525C800E889F2 /* Debug */,
				B0E6694B291525C800E889F2 /* Release */,
			);
			defaultConfigurationIsVisible = 0;
			defaultConfigurationName = Release;
		};
/* End XCConfigurationList section */
	};
	rootObject = B0E6692D291525C700E889F2 /* Project object */;
}
